PODS:
  - Expecta (1.0.5)
  - KZPropertyMapper (2.5.1)
  - MHPrettyDate (1.1.1)
  - PureLayout (3.0.1)
  - Specta (1.0.5)
  - STXInstagramFeedView (0.1.0):
    - KZPropertyMapper
    - MHPrettyDate
    - PureLayout
    - TTTAttributedLabel
    - UALogger
  - TTTAttributedLabel (1.13.4)
  - UALogger (0.3)

DEPENDENCIES:
  - Expecta
  - KZPropertyMapper
  - Specta
  - STXInstagramFeedView (from `../`)

EXTERNAL SOURCES:
  STXInstagramFeedView:
    :path: ../

SPEC CHECKSUMS:
  Expecta: e1c022fcd33910b6be89c291d2775b3fe27a89fe
  KZPropertyMapper: e80e83aa3bc6d37a6dd55e3d04a01afcb8c23d3c
  MHPrettyDate: e0e5975041f0210c0542f4c5d7e3e44d1a8537be
  PureLayout: f35f5384c9c4e4479df041dbe33ad7577b71ddfb
  Specta: ac94d110b865115fe60ff2c6d7281053c6f8e8a2
  STXInstagramFeedView: 1b08fa86ed85be430f98fc7afc9bdaaeb828779b
  TTTAttributedLabel: 0a2ac7b2dd726d32a070dafb01446026b11e624f
  UALogger: ccc041e5982dbd274ab5805f914076fef9bf29cf

COCOAPODS: 0.39.0
